
Microsoft Visual Studio Solution File, Format Version 12.00
# Visual Studio Version 17
VisualStudioVersion = 17.0.31612.314
MinimumVisualStudioVersion = 10.0.40219.1
Project("{9A19103F-16F7-4668-BE54-9A1E7A4F7556}") = "RageAudio", "RageFMOD\RageAudio.csproj", "{5B817D7A-485C-4044-B2D3-F94BFA546521}"
EndProject
Global
	GlobalSection(SolutionConfigurationPlatforms) = preSolution
		Debug|Any CPU = Debug|Any CPU
		Release|Any CPU = Release|Any CPU
	EndGlobalSection
	GlobalSection(ProjectConfigurationPlatforms) = postSolution
		{5B817D7A-485C-4044-B2D3-F94BFA546521}.Debug|Any CPU.ActiveCfg = Debug|Any CPU
		{5B817D7A-485C-4044-B2D3-F94BFA546521}.Debug|Any CPU.Build.0 = Debug|Any CPU
		{5B817D7A-485C-4044-B2D3-F94BFA546521}.Release|Any CPU.ActiveCfg = Release|Any CPU
		{5B817D7A-485C-4044-B2D3-F94BFA546521}.Release|Any CPU.Build.0 = Release|Any CPU
	EndGlobalSection
	GlobalSection(SolutionProperties) = preSolution
		HideSolutionNode = FALSE
	EndGlobalSection
	GlobalSection(ExtensibilityGlobals) = postSolution
		SolutionGuid = {CE605761-59BD-4BAF-839C-CF928EBCAC03}
	EndGlobalSection
EndGlobal
